
Microsoft Visual Studio Solution File, Format Version 12.00
# Visual Studio Version 16
VisualStudioVersion = 16.0.29123.88
MinimumVisualStudioVersion = 10.0.40219.1
Project("{2150E333-8FDC-42A3-9474-1A3956D46DE8}") = "src", "src", "{5E0BADCE-71FC-4950-ACFE-1340DD435402}"
EndProject
Project("{2150E333-8FDC-42A3-9474-1A3956D46DE8}") = "test", "test", "{BC08F669-395F-4177-8128-7EAE85281A4C}"
EndProject
Project("{9A19103F-16F7-4668-BE54-9A1E7A4F7556}") = "Oxygen.DotNettyRpcProviderService", "src\Oxygen.DotNettyRpcProviderService\Oxygen.DotNettyRpcProviderService.csproj", "{6C8E9658-82D0-400E-AFAE-606B237F521D}"
EndProject
Project("{9A19103F-16F7-4668-BE54-9A1E7A4F7556}") = "Oxygen.CsharpClientAgent", "src\Oxygen.CsharpClientAgent\Oxygen.CsharpClientAgent.csproj", "{7CAB5C8E-DC76-422F-9C4F-F02FC155526B}"
EndProject
Project("{9A19103F-16F7-4668-BE54-9A1E7A4F7556}") = "Oxygen.IRpcProviderService", "src\Oxygen.IRpcProviderService\Oxygen.IRpcProviderService.csproj", "{342CDFFB-A85F-4081-8B50-88A34243DFAD}"
EndProject
Project("{9A19103F-16F7-4668-BE54-9A1E7A4F7556}") = "Oxygen.ISerializeService", "src\Oxygen.ISerializeService\Oxygen.ISerializeService.csproj", "{96708E9A-2B62-49A8-904C-26E142EDD6E3}"
EndProject
Project("{9A19103F-16F7-4668-BE54-9A1E7A4F7556}") = "Oxygen.ProxyClientBuilder", "src\Oxygen.MediatRProxyClientBuilder\Oxygen.ProxyClientBuilder.csproj", "{BAB113E8-A591-4033-BC78-F416285353FA}"
EndProject
Project("{9A19103F-16F7-4668-BE54-9A1E7A4F7556}") = "Oxygen.MessagePackSerializeService", "src\Oxygen.MessagePackSerializeService\Oxygen.MessagePackSerializeService.csproj", "{9AC2BB39-6734-4A91-98D0-D5A28FD97270}"
EndProject
Project("{9A19103F-16F7-4668-BE54-9A1E7A4F7556}") = "Oxygen", "src\Oxygen\Oxygen.csproj", "{E7F26141-34CE-428E-8AEC-BD211CE272EF}"
EndProject
Project("{9A19103F-16F7-4668-BE54-9A1E7A4F7556}") = "Oxygen.ServerProxyFactory", "src\Oxygen.ServerProxyFactory\Oxygen.ServerProxyFactory.csproj", "{43D64D3E-CDA0-488B-ACC8-F051504B8E42}"
EndProject
Project("{9A19103F-16F7-4668-BE54-9A1E7A4F7556}") = "Server.Sample", "test\Server.Sample\Server.Sample.csproj", "{645A4144-B728-4CE6-94A9-B0290B65FF5F}"
EndProject
Project("{9A19103F-16F7-4668-BE54-9A1E7A4F7556}") = "Client.Sample", "test\Client.Sample\Client.Sample.csproj", "{A0949859-0220-43ED-B6BD-5AA5CC92931D}"
EndProject
Project("{9A19103F-16F7-4668-BE54-9A1E7A4F7556}") = "Oxygen.CommonTool", "src\Oxygen.CommonTool\Oxygen.CommonTool.csproj", "{7BC01184-5F31-40E5-AE3E-65C007E9DC31}"
EndProject
Project("{9A19103F-16F7-4668-BE54-9A1E7A4F7556}") = "Application.Interface", "test\Application.Interface\Application.Interface.csproj", "{A24A07A6-98FD-4464-AED5-FE4EDADFA1FF}"
EndProject
Project("{9A19103F-16F7-4668-BE54-9A1E7A4F7556}") = "Application.Service", "test\Application.Service\Application.Service.csproj", "{4BA1F116-46A1-45C4-A3E8-64FBCAF79DAE}"
EndProject
Project("{9A19103F-16F7-4668-BE54-9A1E7A4F7556}") = "ApiGateWay", "ApiGateWay\ApiGateWay.csproj", "{56A5BCA0-1CF5-41A6-ADB8-31C094F13431}"
EndProject
Project("{9A19103F-16F7-4668-BE54-9A1E7A4F7556}") = "Oxygen.IServerProxyFactory", "src\Oxygen.IServerProxyFactory\Oxygen.IServerProxyFactory.csproj", "{6B0E24A4-AF46-4FCB-B6F7-BF968B776140}"
EndProject
Project("{9A19103F-16F7-4668-BE54-9A1E7A4F7556}") = "Oxygen.ConsulServerRegisterManage", "src\Oxygen.ServerRegisterManage\Oxygen.ConsulServerRegisterManage.csproj", "{C8254C13-ABFD-4FA6-93FE-A72ECAC7172C}"
EndProject
Project("{9A19103F-16F7-4668-BE54-9A1E7A4F7556}") = "Oxygen.ServerFlowControl", "src\Oxygen.ServerFlowControl\Oxygen.ServerFlowControl.csproj", "{9FED09F7-CCAC-49F3-A519-B7328F18AD2A}"
EndProject
Project("{9A19103F-16F7-4668-BE54-9A1E7A4F7556}") = "Oxygen.IServerFlowControl", "src\Oxygen.IServerFlowControl\Oxygen.IServerFlowControl.csproj", "{CB1A3CFD-B1B5-47FD-9BAE-452AE240EA0A}"
EndProject
Project("{9A19103F-16F7-4668-BE54-9A1E7A4F7556}") = "Oxygen.IServerRegisterManage", "src\Oxygen.IServerRegisterManage\Oxygen.IServerRegisterManage.csproj", "{00FA1601-5196-43E4-953A-58D09FE491AE}"
EndProject
Project("{9A19103F-16F7-4668-BE54-9A1E7A4F7556}") = "Oxygen.ICache", "src\Oxygen.ICache\Oxygen.ICache.csproj", "{44EEC44B-4D3A-4C87-9B30-605C6EA9A480}"
EndProject
Project("{9A19103F-16F7-4668-BE54-9A1E7A4F7556}") = "Oxygen.RedisCache", "src\Oxygen.RedisCache\Oxygen.RedisCache.csproj", "{1599EA1A-FE6B-4B13-9471-E9EDE2DE4684}"
EndProject
Project("{9A19103F-16F7-4668-BE54-9A1E7A4F7556}") = "Oxygen.IServerFlowControl.Configure", "src\Oxygen.IServerFlowControl.Configure\Oxygen.IServerFlowControl.Configure.csproj", "{5C534CCF-4911-4565-A6B2-A91E788D4AB1}"
EndProject
Project("{9A19103F-16F7-4668-BE54-9A1E7A4F7556}") = "Oxygen.ServerFlowControl.Configure", "src\Oxygen.ServerFlowControl.Configure\Oxygen.ServerFlowControl.Configure.csproj", "{5FA10198-D8FC-44FF-B7E5-FEA62303320B}"
EndProject
Project("{9A19103F-16F7-4668-BE54-9A1E7A4F7556}") = "Oxygen.ThreadSyncGenerator", "src\Oxygen.ThreadSyncGenerator\Oxygen.ThreadSyncGenerator.csproj", "{C1DEBD95-C079-4140-93E5-417F8AAE7613}"
EndProject
Project("{FAE04EC0-301F-11D3-BF4B-00C04F79EFBC}") = "Oxygen.SkyApm", "src\Oxygen.SkyApm\Oxygen.SkyApm.csproj", "{65474500-6539-4596-981A-6597724C8BBC}"
EndProject
Global
	GlobalSection(SolutionConfigurationPlatforms) = preSolution
		Debug|Any CPU = Debug|Any CPU
		Release|Any CPU = Release|Any CPU
	EndGlobalSection
	GlobalSection(ProjectConfigurationPlatforms) = postSolution
		{6C8E9658-82D0-400E-AFAE-606B237F521D}.Debug|Any CPU.ActiveCfg = Debug|Any CPU
		{6C8E9658-82D0-400E-AFAE-606B237F521D}.Debug|Any CPU.Build.0 = Debug|Any CPU
		{6C8E9658-82D0-400E-AFAE-606B237F521D}.Release|Any CPU.ActiveCfg = Release|Any CPU
		{6C8E9658-82D0-400E-AFAE-606B237F521D}.Release|Any CPU.Build.0 = Release|Any CPU
		{7CAB5C8E-DC76-422F-9C4F-F02FC155526B}.Debug|Any CPU.ActiveCfg = Debug|Any CPU
		{7CAB5C8E-DC76-422F-9C4F-F02FC155526B}.Debug|Any CPU.Build.0 = Debug|Any CPU
		{7CAB5C8E-DC76-422F-9C4F-F02FC155526B}.Release|Any CPU.ActiveCfg = Release|Any CPU
		{7CAB5C8E-DC76-422F-9C4F-F02FC155526B}.Release|Any CPU.Build.0 = Release|Any CPU
		{342CDFFB-A85F-4081-8B50-88A34243DFAD}.Debug|Any CPU.ActiveCfg = Debug|Any CPU
		{342CDFFB-A85F-4081-8B50-88A34243DFAD}.Debug|Any CPU.Build.0 = Debug|Any CPU
		{342CDFFB-A85F-4081-8B50-88A34243DFAD}.Release|Any CPU.ActiveCfg = Release|Any CPU
		{342CDFFB-A85F-4081-8B50-88A34243DFAD}.Release|Any CPU.Build.0 = Release|Any CPU
		{96708E9A-2B62-49A8-904C-26E142EDD6E3}.Debug|Any CPU.ActiveCfg = Debug|Any CPU
		{96708E9A-2B62-49A8-904C-26E142EDD6E3}.Debug|Any CPU.Build.0 = Debug|Any CPU
		{96708E9A-2B62-49A8-904C-26E142EDD6E3}.Release|Any CPU.ActiveCfg = Release|Any CPU
		{96708E9A-2B62-49A8-904C-26E142EDD6E3}.Release|Any CPU.Build.0 = Release|Any CPU
		{BAB113E8-A591-4033-BC78-F416285353FA}.Debug|Any CPU.ActiveCfg = Debug|Any CPU
		{BAB113E8-A591-4033-BC78-F416285353FA}.Debug|Any CPU.Build.0 = Debug|Any CPU
		{BAB113E8-A591-4033-BC78-F416285353FA}.Release|Any CPU.ActiveCfg = Release|Any CPU
		{BAB113E8-A591-4033-BC78-F416285353FA}.Release|Any CPU.Build.0 = Release|Any CPU
		{9AC2BB39-6734-4A91-98D0-D5A28FD97270}.Debug|Any CPU.ActiveCfg = Debug|Any CPU
		{9AC2BB39-6734-4A91-98D0-D5A28FD97270}.Debug|Any CPU.Build.0 = Debug|Any CPU
		{9AC2BB39-6734-4A91-98D0-D5A28FD97270}.Release|Any CPU.ActiveCfg = Release|Any CPU
		{9AC2BB39-6734-4A91-98D0-D5A28FD97270}.Release|Any CPU.Build.0 = Release|Any CPU
		{E7F26141-34CE-428E-8AEC-BD211CE272EF}.Debug|Any CPU.ActiveCfg = Debug|Any CPU
		{E7F26141-34CE-428E-8AEC-BD211CE272EF}.Debug|Any CPU.Build.0 = Debug|Any CPU
		{E7F26141-34CE-428E-8AEC-BD211CE272EF}.Release|Any CPU.ActiveCfg = Release|Any CPU
		{E7F26141-34CE-428E-8AEC-BD211CE272EF}.Release|Any CPU.Build.0 = Release|Any CPU
		{43D64D3E-CDA0-488B-ACC8-F051504B8E42}.Debug|Any CPU.ActiveCfg = Debug|Any CPU
		{43D64D3E-CDA0-488B-ACC8-F051504B8E42}.Debug|Any CPU.Build.0 = Debug|Any CPU
		{43D64D3E-CDA0-488B-ACC8-F051504B8E42}.Release|Any CPU.ActiveCfg = Release|Any CPU
		{43D64D3E-CDA0-488B-ACC8-F051504B8E42}.Release|Any CPU.Build.0 = Release|Any CPU
		{645A4144-B728-4CE6-94A9-B0290B65FF5F}.Debug|Any CPU.ActiveCfg = Debug|Any CPU
		{645A4144-B728-4CE6-94A9-B0290B65FF5F}.Debug|Any CPU.Build.0 = Debug|Any CPU
		{645A4144-B728-4CE6-94A9-B0290B65FF5F}.Release|Any CPU.ActiveCfg = Release|Any CPU
		{645A4144-B728-4CE6-94A9-B0290B65FF5F}.Release|Any CPU.Build.0 = Release|Any CPU
		{A0949859-0220-43ED-B6BD-5AA5CC92931D}.Debug|Any CPU.ActiveCfg = Debug|Any CPU
		{A0949859-0220-43ED-B6BD-5AA5CC92931D}.Debug|Any CPU.Build.0 = Debug|Any CPU
		{A0949859-0220-43ED-B6BD-5AA5CC92931D}.Release|Any CPU.ActiveCfg = Release|Any CPU
		{A0949859-0220-43ED-B6BD-5AA5CC92931D}.Release|Any CPU.Build.0 = Release|Any CPU
		{7BC01184-5F31-40E5-AE3E-65C007E9DC31}.Debug|Any CPU.ActiveCfg = Debug|Any CPU
		{7BC01184-5F31-40E5-AE3E-65C007E9DC31}.Debug|Any CPU.Build.0 = Debug|Any CPU
		{7BC01184-5F31-40E5-AE3E-65C007E9DC31}.Release|Any CPU.ActiveCfg = Release|Any CPU
		{7BC01184-5F31-40E5-AE3E-65C007E9DC31}.Release|Any CPU.Build.0 = Release|Any CPU
		{A24A07A6-98FD-4464-AED5-FE4EDADFA1FF}.Debug|Any CPU.ActiveCfg = Debug|Any CPU
		{A24A07A6-98FD-4464-AED5-FE4EDADFA1FF}.Debug|Any CPU.Build.0 = Debug|Any CPU
		{A24A07A6-98FD-4464-AED5-FE4EDADFA1FF}.Release|Any CPU.ActiveCfg = Release|Any CPU
		{A24A07A6-98FD-4464-AED5-FE4EDADFA1FF}.Release|Any CPU.Build.0 = Release|Any CPU
		{4BA1F116-46A1-45C4-A3E8-64FBCAF79DAE}.Debug|Any CPU.ActiveCfg = Debug|Any CPU
		{4BA1F116-46A1-45C4-A3E8-64FBCAF79DAE}.Debug|Any CPU.Build.0 = Debug|Any CPU
		{4BA1F116-46A1-45C4-A3E8-64FBCAF79DAE}.Release|Any CPU.ActiveCfg = Release|Any CPU
		{4BA1F116-46A1-45C4-A3E8-64FBCAF79DAE}.Release|Any CPU.Build.0 = Release|Any CPU
		{56A5BCA0-1CF5-41A6-ADB8-31C094F13431}.Debug|Any CPU.ActiveCfg = Debug|Any CPU
		{56A5BCA0-1CF5-41A6-ADB8-31C094F13431}.Debug|Any CPU.Build.0 = Debug|Any CPU
		{56A5BCA0-1CF5-41A6-ADB8-31C094F13431}.Release|Any CPU.ActiveCfg = Release|Any CPU
		{56A5BCA0-1CF5-41A6-ADB8-31C094F13431}.Release|Any CPU.Build.0 = Release|Any CPU
		{6B0E24A4-AF46-4FCB-B6F7-BF968B776140}.Debug|Any CPU.ActiveCfg = Debug|Any CPU
		{6B0E24A4-AF46-4FCB-B6F7-BF968B776140}.Debug|Any CPU.Build.0 = Debug|Any CPU
		{6B0E24A4-AF46-4FCB-B6F7-BF968B776140}.Release|Any CPU.ActiveCfg = Release|Any CPU
		{6B0E24A4-AF46-4FCB-B6F7-BF968B776140}.Release|Any CPU.Build.0 = Release|Any CPU
		{C8254C13-ABFD-4FA6-93FE-A72ECAC7172C}.Debug|Any CPU.ActiveCfg = Debug|Any CPU
		{C8254C13-ABFD-4FA6-93FE-A72ECAC7172C}.Debug|Any CPU.Build.0 = Debug|Any CPU
		{C8254C13-ABFD-4FA6-93FE-A72ECAC7172C}.Release|Any CPU.ActiveCfg = Release|Any CPU
		{C8254C13-ABFD-4FA6-93FE-A72ECAC7172C}.Release|Any CPU.Build.0 = Release|Any CPU
		{9FED09F7-CCAC-49F3-A519-B7328F18AD2A}.Debug|Any CPU.ActiveCfg = Debug|Any CPU
		{9FED09F7-CCAC-49F3-A519-B7328F18AD2A}.Debug|Any CPU.Build.0 = Debug|Any CPU
		{9FED09F7-CCAC-49F3-A519-B7328F18AD2A}.Release|Any CPU.ActiveCfg = Release|Any CPU
		{9FED09F7-CCAC-49F3-A519-B7328F18AD2A}.Release|Any CPU.Build.0 = Release|Any CPU
		{CB1A3CFD-B1B5-47FD-9BAE-452AE240EA0A}.Debug|Any CPU.ActiveCfg = Debug|Any CPU
		{CB1A3CFD-B1B5-47FD-9BAE-452AE240EA0A}.Debug|Any CPU.Build.0 = Debug|Any CPU
		{CB1A3CFD-B1B5-47FD-9BAE-452AE240EA0A}.Release|Any CPU.ActiveCfg = Release|Any CPU
		{CB1A3CFD-B1B5-47FD-9BAE-452AE240EA0A}.Release|Any CPU.Build.0 = Release|Any CPU
		{00FA1601-5196-43E4-953A-58D09FE491AE}.Debug|Any CPU.ActiveCfg = Debug|Any CPU
		{00FA1601-5196-43E4-953A-58D09FE491AE}.Debug|Any CPU.Build.0 = Debug|Any CPU
		{00FA1601-5196-43E4-953A-58D09FE491AE}.Release|Any CPU.ActiveCfg = Release|Any CPU
		{00FA1601-5196-43E4-953A-58D09FE491AE}.Release|Any CPU.Build.0 = Release|Any CPU
		{44EEC44B-4D3A-4C87-9B30-605C6EA9A480}.Debug|Any CPU.ActiveCfg = Debug|Any CPU
		{44EEC44B-4D3A-4C87-9B30-605C6EA9A480}.Debug|Any CPU.Build.0 = Debug|Any CPU
		{44EEC44B-4D3A-4C87-9B30-605C6EA9A480}.Release|Any CPU.ActiveCfg = Release|Any CPU
		{44EEC44B-4D3A-4C87-9B30-605C6EA9A480}.Release|Any CPU.Build.0 = Release|Any CPU
		{1599EA1A-FE6B-4B13-9471-E9EDE2DE4684}.Debug|Any CPU.ActiveCfg = Debug|Any CPU
		{1599EA1A-FE6B-4B13-9471-E9EDE2DE4684}.Debug|Any CPU.Build.0 = Debug|Any CPU
		{1599EA1A-FE6B-4B13-9471-E9EDE2DE4684}.Release|Any CPU.ActiveCfg = Release|Any CPU
		{1599EA1A-FE6B-4B13-9471-E9EDE2DE4684}.Release|Any CPU.Build.0 = Release|Any CPU
		{5C534CCF-4911-4565-A6B2-A91E788D4AB1}.Debug|Any CPU.ActiveCfg = Debug|Any CPU
		{5C534CCF-4911-4565-A6B2-A91E788D4AB1}.Debug|Any CPU.Build.0 = Debug|Any CPU
		{5C534CCF-4911-4565-A6B2-A91E788D4AB1}.Release|Any CPU.ActiveCfg = Release|Any CPU
		{5C534CCF-4911-4565-A6B2-A91E788D4AB1}.Release|Any CPU.Build.0 = Release|Any CPU
		{5FA10198-D8FC-44FF-B7E5-FEA62303320B}.Debug|Any CPU.ActiveCfg = Debug|Any CPU
		{5FA10198-D8FC-44FF-B7E5-FEA62303320B}.Debug|Any CPU.Build.0 = Debug|Any CPU
		{5FA10198-D8FC-44FF-B7E5-FEA62303320B}.Release|Any CPU.ActiveCfg = Release|Any CPU
		{5FA10198-D8FC-44FF-B7E5-FEA62303320B}.Release|Any CPU.Build.0 = Release|Any CPU
		{C1DEBD95-C079-4140-93E5-417F8AAE7613}.Debug|Any CPU.ActiveCfg = Debug|Any CPU
		{C1DEBD95-C079-4140-93E5-417F8AAE7613}.Debug|Any CPU.Build.0 = Debug|Any CPU
		{C1DEBD95-C079-4140-93E5-417F8AAE7613}.Release|Any CPU.ActiveCfg = Release|Any CPU
		{C1DEBD95-C079-4140-93E5-417F8AAE7613}.Release|Any CPU.Build.0 = Release|Any CPU
		{65474500-6539-4596-981A-6597724C8BBC}.Debug|Any CPU.ActiveCfg = Debug|Any CPU
		{65474500-6539-4596-981A-6597724C8BBC}.Debug|Any CPU.Build.0 = Debug|Any CPU
		{65474500-6539-4596-981A-6597724C8BBC}.Release|Any CPU.ActiveCfg = Release|Any CPU
		{65474500-6539-4596-981A-6597724C8BBC}.Release|Any CPU.Build.0 = Release|Any CPU
	EndGlobalSection
	GlobalSection(SolutionProperties) = preSolution
		HideSolutionNode = FALSE
	EndGlobalSection
	GlobalSection(NestedProjects) = preSolution
		{6C8E9658-82D0-400E-AFAE-606B237F521D} = {5E0BADCE-71FC-4950-ACFE-1340DD435402}
		{7CAB5C8E-DC76-422F-9C4F-F02FC155526B} = {5E0BADCE-71FC-4950-ACFE-1340DD435402}
		{342CDFFB-A85F-4081-8B50-88A34243DFAD} = {5E0BADCE-71FC-4950-ACFE-1340DD435402}
		{96708E9A-2B62-49A8-904C-26E142EDD6E3} = {5E0BADCE-71FC-4950-ACFE-1340DD435402}
		{BAB113E8-A591-4033-BC78-F416285353FA} = {5E0BADCE-71FC-4950-ACFE-1340DD435402}
		{9AC2BB39-6734-4A91-98D0-D5A28FD97270} = {5E0BADCE-71FC-4950-ACFE-1340DD435402}
		{E7F26141-34CE-428E-8AEC-BD211CE272EF} = {5E0BADCE-71FC-4950-ACFE-1340DD435402}
		{43D64D3E-CDA0-488B-ACC8-F051504B8E42} = {5E0BADCE-71FC-4950-ACFE-1340DD435402}
		{645A4144-B728-4CE6-94A9-B0290B65FF5F} = {BC08F669-395F-4177-8128-7EAE85281A4C}
		{A0949859-0220-43ED-B6BD-5AA5CC92931D} = {BC08F669-395F-4177-8128-7EAE85281A4C}
		{7BC01184-5F31-40E5-AE3E-65C007E9DC31} = {5E0BADCE-71FC-4950-ACFE-1340DD435402}
		{A24A07A6-98FD-4464-AED5-FE4EDADFA1FF} = {BC08F669-395F-4177-8128-7EAE85281A4C}
		{4BA1F116-46A1-45C4-A3E8-64FBCAF79DAE} = {BC08F669-395F-4177-8128-7EAE85281A4C}
		{6B0E24A4-AF46-4FCB-B6F7-BF968B776140} = {5E0BADCE-71FC-4950-ACFE-1340DD435402}
		{C8254C13-ABFD-4FA6-93FE-A72ECAC7172C} = {5E0BADCE-71FC-4950-ACFE-1340DD435402}
		{9FED09F7-CCAC-49F3-A519-B7328F18AD2A} = {5E0BADCE-71FC-4950-ACFE-1340DD435402}
		{CB1A3CFD-B1B5-47FD-9BAE-452AE240EA0A} = {5E0BADCE-71FC-4950-ACFE-1340DD435402}
		{00FA1601-5196-43E4-953A-58D09FE491AE} = {5E0BADCE-71FC-4950-ACFE-1340DD435402}
		{44EEC44B-4D3A-4C87-9B30-605C6EA9A480} = {5E0BADCE-71FC-4950-ACFE-1340DD435402}
		{1599EA1A-FE6B-4B13-9471-E9EDE2DE4684} = {5E0BADCE-71FC-4950-ACFE-1340DD435402}
		{5C534CCF-4911-4565-A6B2-A91E788D4AB1} = {5E0BADCE-71FC-4950-ACFE-1340DD435402}
		{5FA10198-D8FC-44FF-B7E5-FEA62303320B} = {5E0BADCE-71FC-4950-ACFE-1340DD435402}
		{C1DEBD95-C079-4140-93E5-417F8AAE7613} = {5E0BADCE-71FC-4950-ACFE-1340DD435402}
		{65474500-6539-4596-981A-6597724C8BBC} = {5E0BADCE-71FC-4950-ACFE-1340DD435402}
	EndGlobalSection
	GlobalSection(ExtensibilityGlobals) = postSolution
		SolutionGuid = {83624657-71E1-4209-8A42-056014F3D0C5}
	EndGlobalSection
EndGlobal
